
Microsoft Visual Studio Solution File, Format Version 12.00
# Visual Studio Version 17
VisualStudioVersion = 17.0.31912.275
MinimumVisualStudioVersion = 10.0.40219.1
Project("{9A19103F-16F7-4668-BE54-9A1E7A4F7556}") = "StockManager.API", "StockManager.API.csproj", "{27E1B351-18F1-472A-8CBE-33214E94B570}"
EndProject
Project("{FAE04EC0-301F-11D3-BF4B-00C04F79EFBC}") = "StockManager.Database", "..\StockManager.Database\StockManager.Database.csproj", "{19C9A41B-6A65-4655-B32C-A54066E127E1}"
EndProject
Global
	GlobalSection(SolutionConfigurationPlatforms) = preSolution
		Debug|Any CPU = Debug|Any CPU
		Release|Any CPU = Release|Any CPU
	EndGlobalSection
	GlobalSection(ProjectConfigurationPlatforms) = postSolution
		{27E1B351-18F1-472A-8CBE-33214E94B570}.Debug|Any CPU.ActiveCfg = Debug|Any CPU
		{27E1B351-18F1-472A-8CBE-33214E94B570}.Debug|Any CPU.Build.0 = Debug|Any CPU
		{27E1B351-18F1-472A-8CBE-33214E94B570}.Release|Any CPU.ActiveCfg = Release|Any CPU
		{27E1B351-18F1-472A-8CBE-33214E94B570}.Release|Any CPU.Build.0 = Release|Any CPU
		{19C9A41B-6A65-4655-B32C-A54066E127E1}.Debug|Any CPU.ActiveCfg = Debug|Any CPU
		{19C9A41B-6A65-4655-B32C-A54066E127E1}.Debug|Any CPU.Build.0 = Debug|Any CPU
		{19C9A41B-6A65-4655-B32C-A54066E127E1}.Release|Any CPU.ActiveCfg = Release|Any CPU
		{19C9A41B-6A65-4655-B32C-A54066E127E1}.Release|Any CPU.Build.0 = Release|Any CPU
	EndGlobalSection
	GlobalSection(SolutionProperties) = preSolution
		HideSolutionNode = FALSE
	EndGlobalSection
	GlobalSection(ExtensibilityGlobals) = postSolution
		SolutionGuid = {8908389F-718A-4FDD-8772-0D3338AB6368}
	EndGlobalSection
EndGlobal
